
Microsoft Visual Studio Solution File, Format Version 12.00
# Visual Studio Version 16
VisualStudioVersion = 16.0.31129.286
MinimumVisualStudioVersion = 10.0.40219.1
Project("{FAE04EC0-301F-11D3-BF4B-00C04F79EFBC}") = "carrosApp", "carrosApp.csproj", "{F67A1414-C0FE-4CEA-A875-3A27EBE75D31}"
EndProject
Global
	GlobalSection(SolutionConfigurationPlatforms) = preSolution
		Debug|Any CPU = Debug|Any CPU
		Release|Any CPU = Release|Any CPU
	EndGlobalSection
	GlobalSection(ProjectConfigurationPlatforms) = postSolution
		{F67A1414-C0FE-4CEA-A875-3A27EBE75D31}.Debug|Any CPU.ActiveCfg = Debug|Any CPU
		{F67A1414-C0FE-4CEA-A875-3A27EBE75D31}.Debug|Any CPU.Build.0 = Debug|Any CPU
		{F67A1414-C0FE-4CEA-A875-3A27EBE75D31}.Release|Any CPU.ActiveCfg = Release|Any CPU
		{F67A1414-C0FE-4CEA-A875-3A27EBE75D31}.Release|Any CPU.Build.0 = Release|Any CPU
	EndGlobalSection
	GlobalSection(SolutionProperties) = preSolution
		HideSolutionNode = FALSE
	EndGlobalSection
	GlobalSection(ExtensibilityGlobals) = postSolution
		SolutionGuid = {DB47F00A-6F1E-4219-B3E5-2F4038B04ECC}
	EndGlobalSection
EndGlobal
